
Microsoft Visual Studio Solution File, Format Version 9.00
# Visual Studio 2005
Project("{8BC9CEB8-8B4A-11D0-8D11-00A0C91BC942}") = "DataRace", "DataRace\DataRace.vcproj", "{7FCD031F-1E31-4116-BB99-3B1CF417FEF1}"
EndProject
Project("{8BC9CEB8-8B4A-11D0-8D11-00A0C91BC942}") = "ProgBarPeekMsg", "ProgBarPeekMsg\ProgBarPeekMsg.vcproj", "{02FF4913-7960-42BB-889D-AB92400BB9F5}"
EndProject
Project("{8BC9CEB8-8B4A-11D0-8D11-00A0C91BC942}") = "ProgBarWorkThread", "ProgBarWorkThread\ProgBarWorkThread.vcproj", "{040AAD96-55DD-4EE9-B68B-17012586187A}"
EndProject
Project("{8BC9CEB8-8B4A-11D0-8D11-00A0C91BC942}") = "ProgBarEvent", "ProgBarEvent\ProgBarEvent.vcproj", "{47D4AFE8-A6F3-4F99-B019-34A2BAE80121}"
EndProject
Global
	GlobalSection(SolutionConfigurationPlatforms) = preSolution
		Debug|Win32 = Debug|Win32
		Release|Win32 = Release|Win32
	EndGlobalSection
	GlobalSection(ProjectConfigurationPlatforms) = postSolution
		{7FCD031F-1E31-4116-BB99-3B1CF417FEF1}.Debug|Win32.ActiveCfg = Debug|Win32
		{7FCD031F-1E31-4116-BB99-3B1CF417FEF1}.Debug|Win32.Build.0 = Debug|Win32
		{7FCD031F-1E31-4116-BB99-3B1CF417FEF1}.Release|Win32.ActiveCfg = Release|Win32
		{7FCD031F-1E31-4116-BB99-3B1CF417FEF1}.Release|Win32.Build.0 = Release|Win32
		{02FF4913-7960-42BB-889D-AB92400BB9F5}.Debug|Win32.ActiveCfg = Debug|Win32
		{02FF4913-7960-42BB-889D-AB92400BB9F5}.Debug|Win32.Build.0 = Debug|Win32
		{02FF4913-7960-42BB-889D-AB92400BB9F5}.Release|Win32.ActiveCfg = Release|Win32
		{02FF4913-7960-42BB-889D-AB92400BB9F5}.Release|Win32.Build.0 = Release|Win32
		{040AAD96-55DD-4EE9-B68B-17012586187A}.Debug|Win32.ActiveCfg = Debug|Win32
		{040AAD96-55DD-4EE9-B68B-17012586187A}.Debug|Win32.Build.0 = Debug|Win32
		{040AAD96-55DD-4EE9-B68B-17012586187A}.Release|Win32.ActiveCfg = Release|Win32
		{040AAD96-55DD-4EE9-B68B-17012586187A}.Release|Win32.Build.0 = Release|Win32
		{47D4AFE8-A6F3-4F99-B019-34A2BAE80121}.Debug|Win32.ActiveCfg = Debug|Win32
		{47D4AFE8-A6F3-4F99-B019-34A2BAE80121}.Debug|Win32.Build.0 = Debug|Win32
		{47D4AFE8-A6F3-4F99-B019-34A2BAE80121}.Release|Win32.ActiveCfg = Release|Win32
		{47D4AFE8-A6F3-4F99-B019-34A2BAE80121}.Release|Win32.Build.0 = Release|Win32
	EndGlobalSection
	GlobalSection(SolutionProperties) = preSolution
		HideSolutionNode = FALSE
	EndGlobalSection
EndGlobal
